
Microsoft Visual Studio Solution File, Format Version 12.00
# Visual Studio 2013
VisualStudioVersion = 12.0.31101.0
MinimumVisualStudioVersion = 10.0.40219.1
Project("{FAE04EC0-301F-11D3-BF4B-00C04F79EFBC}") = "NetForumMVC", "NetForumMVC\NetForumMVC.csproj", "{9182DA6A-8D72-43E3-8310-E643C9C75941}"
EndProject
Project("{FAE04EC0-301F-11D3-BF4B-00C04F79EFBC}") = "NetForumMVC.Tests", "NetForumMVC.Tests\NetForumMVC.Tests.csproj", "{AD6D194A-1B36-4F6D-826B-2D45FEAF20F0}"
EndProject
Project("{2150E333-8FDC-42A3-9474-1A3956D46DE8}") = "PublishScripts", "PublishScripts", "{E44EB60F-BD32-4F8E-B3FA-7BBFDC5FA897}"
	ProjectSection(SolutionItems) = preProject
		PublishScripts\AzureWebsitePublishModule.psm1 = PublishScripts\AzureWebsitePublishModule.psm1
		PublishScripts\Publish-WebApplicationWebsite.ps1 = PublishScripts\Publish-WebApplicationWebsite.ps1
	EndProjectSection
EndProject
Project("{2150E333-8FDC-42A3-9474-1A3956D46DE8}") = "Configurations", "Configurations", "{F8CA6ECA-346C-40F5-901B-D6555A6BBCB6}"
	ProjectSection(SolutionItems) = preProject
		PublishScripts\Configurations\NetForumMVC-WAWS-dev.json = PublishScripts\Configurations\NetForumMVC-WAWS-dev.json
	EndProjectSection
EndProject
Global
	GlobalSection(SolutionConfigurationPlatforms) = preSolution
		Debug|Any CPU = Debug|Any CPU
		Release|Any CPU = Release|Any CPU
	EndGlobalSection
	GlobalSection(ProjectConfigurationPlatforms) = postSolution
		{9182DA6A-8D72-43E3-8310-E643C9C75941}.Debug|Any CPU.ActiveCfg = Debug|Any CPU
		{9182DA6A-8D72-43E3-8310-E643C9C75941}.Debug|Any CPU.Build.0 = Debug|Any CPU
		{9182DA6A-8D72-43E3-8310-E643C9C75941}.Release|Any CPU.ActiveCfg = Release|Any CPU
		{9182DA6A-8D72-43E3-8310-E643C9C75941}.Release|Any CPU.Build.0 = Release|Any CPU
		{AD6D194A-1B36-4F6D-826B-2D45FEAF20F0}.Debug|Any CPU.ActiveCfg = Debug|Any CPU
		{AD6D194A-1B36-4F6D-826B-2D45FEAF20F0}.Debug|Any CPU.Build.0 = Debug|Any CPU
		{AD6D194A-1B36-4F6D-826B-2D45FEAF20F0}.Release|Any CPU.ActiveCfg = Release|Any CPU
		{AD6D194A-1B36-4F6D-826B-2D45FEAF20F0}.Release|Any CPU.Build.0 = Release|Any CPU
	EndGlobalSection
	GlobalSection(SolutionProperties) = preSolution
		HideSolutionNode = FALSE
	EndGlobalSection
	GlobalSection(NestedProjects) = preSolution
		{F8CA6ECA-346C-40F5-901B-D6555A6BBCB6} = {E44EB60F-BD32-4F8E-B3FA-7BBFDC5FA897}
	EndGlobalSection
EndGlobal
