
Microsoft Visual Studio Solution File, Format Version 12.00
# Visual Studio 2013
VisualStudioVersion = 12.0.31101.0
MinimumVisualStudioVersion = 10.0.40219.1
Project("{FAE04EC0-301F-11D3-BF4B-00C04F79EFBC}") = "NetForumMVC", "NetForumMVC\NetForumMVC.csproj", "{9182DA6A-8D72-43E3-8310-E643C9C75941}"
EndProject
Project("{FAE04EC0-301F-11D3-BF4B-00C04F79EFBC}") = "NetForumMVC.Tests", "NetForumMVC.Tests\NetForumMVC.Tests.csproj", "{AD6D194A-1B36-4F6D-826B-2D45FEAF20F0}"
EndProject
Global
	GlobalSection(SolutionConfigurationPlatforms) = preSolution
		Debug|Any CPU = Debug|Any CPU
		Release|Any CPU = Release|Any CPU
	EndGlobalSection
	GlobalSection(ProjectConfigurationPlatforms) = postSolution
		{9182DA6A-8D72-43E3-8310-E643C9C75941}.Debug|Any CPU.ActiveCfg = Debug|Any CPU
		{9182DA6A-8D72-43E3-8310-E643C9C75941}.Debug|Any CPU.Build.0 = Debug|Any CPU
		{9182DA6A-8D72-43E3-8310-E643C9C75941}.Release|Any CPU.ActiveCfg = Release|Any CPU
		{9182DA6A-8D72-43E3-8310-E643C9C75941}.Release|Any CPU.Build.0 = Release|Any CPU
		{AD6D194A-1B36-4F6D-826B-2D45FEAF20F0}.Debug|Any CPU.ActiveCfg = Debug|Any CPU
		{AD6D194A-1B36-4F6D-826B-2D45FEAF20F0}.Debug|Any CPU.Build.0 = Debug|Any CPU
		{AD6D194A-1B36-4F6D-826B-2D45FEAF20F0}.Release|Any CPU.ActiveCfg = Release|Any CPU
		{AD6D194A-1B36-4F6D-826B-2D45FEAF20F0}.Release|Any CPU.Build.0 = Release|Any CPU
	EndGlobalSection
	GlobalSection(SolutionProperties) = preSolution
		HideSolutionNode = FALSE
	EndGlobalSection
EndGlobal
